
Microsoft Visual Studio Solution File, Format Version 12.00
# Visual Studio Version 17
VisualStudioVersion = 17.11.35222.181
MinimumVisualStudioVersion = 10.0.40219.1
Project("{8BC9CEB8-8B4A-11D0-8D11-00A0C91BC942}") = "lab11.4", "lab11.4.vcxproj", "{E6AEDBE8-468D-4A34-B489-AFBE18BA3E42}"
EndProject
Project("{8BC9CEB8-8B4A-11D0-8D11-00A0C91BC942}") = "UnitTest1", "UnitTest1\UnitTest1.vcxproj", "{9C4979BC-178F-4948-9A76-8674FF0A1581}"
EndProject
Global
	GlobalSection(SolutionConfigurationPlatforms) = preSolution
		Debug|x64 = Debug|x64
		Debug|x86 = Debug|x86
		Release|x64 = Release|x64
		Release|x86 = Release|x86
	EndGlobalSection
	GlobalSection(ProjectConfigurationPlatforms) = postSolution
		{E6AEDBE8-468D-4A34-B489-AFBE18BA3E42}.Debug|x64.ActiveCfg = Debug|x64
		{E6AEDBE8-468D-4A34-B489-AFBE18BA3E42}.Debug|x64.Build.0 = Debug|x64
		{E6AEDBE8-468D-4A34-B489-AFBE18BA3E42}.Debug|x86.ActiveCfg = Debug|Win32
		{E6AEDBE8-468D-4A34-B489-AFBE18BA3E42}.Debug|x86.Build.0 = Debug|Win32
		{E6AEDBE8-468D-4A34-B489-AFBE18BA3E42}.Release|x64.ActiveCfg = Release|x64
		{E6AEDBE8-468D-4A34-B489-AFBE18BA3E42}.Release|x64.Build.0 = Release|x64
		{E6AEDBE8-468D-4A34-B489-AFBE18BA3E42}.Release|x86.ActiveCfg = Release|Win32
		{E6AEDBE8-468D-4A34-B489-AFBE18BA3E42}.Release|x86.Build.0 = Release|Win32
		{9C4979BC-178F-4948-9A76-8674FF0A1581}.Debug|x64.ActiveCfg = Debug|x64
		{9C4979BC-178F-4948-9A76-8674FF0A1581}.Debug|x64.Build.0 = Debug|x64
		{9C4979BC-178F-4948-9A76-8674FF0A1581}.Debug|x86.ActiveCfg = Debug|Win32
		{9C4979BC-178F-4948-9A76-8674FF0A1581}.Debug|x86.Build.0 = Debug|Win32
		{9C4979BC-178F-4948-9A76-8674FF0A1581}.Release|x64.ActiveCfg = Release|x64
		{9C4979BC-178F-4948-9A76-8674FF0A1581}.Release|x64.Build.0 = Release|x64
		{9C4979BC-178F-4948-9A76-8674FF0A1581}.Release|x86.ActiveCfg = Release|Win32
		{9C4979BC-178F-4948-9A76-8674FF0A1581}.Release|x86.Build.0 = Release|Win32
	EndGlobalSection
	GlobalSection(SolutionProperties) = preSolution
		HideSolutionNode = FALSE
	EndGlobalSection
	GlobalSection(ExtensibilityGlobals) = postSolution
		SolutionGuid = {77EDD808-B660-4A97-A43A-351EC63BA072}
	EndGlobalSection
EndGlobal
